PODS:
  - Alamofire (4.4.0)
  - AlamofireImage (3.2.0):
    - Alamofire (~> 4.1)
  - CryptoSwift (0.6.9)
  - Mockingjay (2.0.0):
    - Mockingjay/Core (= 2.0.0)
    - Mockingjay/XCTest (= 2.0.0)
  - Mockingjay/Core (2.0.0):
    - URITemplate (~> 2.0)
  - Mockingjay/XCTest (2.0.0):
    - Mockingjay/Core
  - NetworkingServiceKit (0.7.1):
    - Alamofire
    - AlamofireImage
    - CryptoSwift
    - SwiftyJSON
  - Nimble (5.1.1)
  - Quick (1.0.0)
  - SwiftyJSON (3.1.4)
  - URITemplate (2.0.1)

DEPENDENCIES:
  - Mockingjay
  - NetworkingServiceKit (from `../`)
  - Nimble (~> 5.1.1)
  - Quick (~> 1.0.0)

EXTERNAL SOURCES:
  NetworkingServiceKit:
    :path: ../

SPEC CHECKSUMS:
  Alamofire: dc44b1600b800eb63da6a19039a0083d62a6a62d
  AlamofireImage: 157ed682cc81d3b9db4fb90c1f12180ac552d93b
  CryptoSwift: a22f6ba238e9ce4d26ee7bf45b9ed82e7122d4a0
  Mockingjay: 7122a3fc0597aa63438e4cd9b71b7bc8aac05b87
  NetworkingServiceKit: 0df23f46ab140c4d4cd251f4a46082ab38e8fea8
  Nimble: 415e3aa3267e7bc2c96b05fa814ddea7bb686a29
  Quick: 8024e4a47e6cc03a9d5245ef0948264fc6d27cff
  SwiftyJSON: c2842d878f95482ffceec5709abc3d05680c0220
  URITemplate: 720b8a56a281494d7c2d31ee33183986eaed2c67

PODFILE CHECKSUM: 331dce4350c8ff19c577e62f8bc4ae503ff720f4

COCOAPODS: 1.2.1
