PODS:
  - Alamofire (4.5.0)
  - Mockingjay (2.0.0):
    - Mockingjay/Core (= 2.0.0)
    - Mockingjay/XCTest (= 2.0.0)
  - Mockingjay/Core (2.0.0):
    - URITemplate (~> 2.0)
  - Mockingjay/XCTest (2.0.0):
    - Mockingjay/Core
  - NetworkingServiceKit (0.9.4):
    - NetworkingServiceKit/Core (= 0.9.4)
  - NetworkingServiceKit/Core (0.9.4):
    - Alamofire
    - SwiftyJSON
  - NetworkingServiceKit/ReactiveSwift (0.9.4):
    - ReactiveSwift
  - Nimble (7.0.1)
  - Quick (1.1.0)
  - ReactiveSwift (2.0.0):
    - Result (~> 3.2)
  - Result (3.2.3)
  - SwiftyJSON (3.1.4)
  - URITemplate (2.0.1)

DEPENDENCIES:
  - Mockingjay
  - NetworkingServiceKit (from `../`)
  - NetworkingServiceKit/ReactiveSwift (from `../`)
  - Nimble
  - Quick

EXTERNAL SOURCES:
  NetworkingServiceKit:
    :path: ../

SPEC CHECKSUMS:
  Alamofire: f28cdffd29de33a7bfa022cbd63ae95a27fae140
  Mockingjay: 7122a3fc0597aa63438e4cd9b71b7bc8aac05b87
  NetworkingServiceKit: 749cecf00c9ee136c5c4120b4c9074c3f4b4418d
  Nimble: 657d000e11df8aebe27cdaf9d244de7f30ed87f7
  Quick: dafc587e21eed9f4cab3249b9f9015b0b7a7f71d
  ReactiveSwift: 36339167e571774d936482d0f6512f5118a74731
  Result: 128640a6347e8d2ae48b142556739a2d13f90ce6
  SwiftyJSON: c2842d878f95482ffceec5709abc3d05680c0220
  URITemplate: 720b8a56a281494d7c2d31ee33183986eaed2c67

PODFILE CHECKSUM: 0288e22a498f082261a1e0310efa64af672c34d3

COCOAPODS: 1.2.1
