PODS:
  - Alamofire (5.0.4)
  - AlamofireImage (4.0.3):
    - Alamofire (< 6.0.0, >= 5.0.2)
  - CryptoSwift (1.3.0)
  - Mockingjay (2.0.0):
    - Mockingjay/Core (= 2.0.0)
    - Mockingjay/XCTest (= 2.0.0)
  - Mockingjay/Core (2.0.0):
    - URITemplate (~> 2.0)
  - Mockingjay/XCTest (2.0.0):
    - Mockingjay/Core
  - NetworkingServiceKit (1.7.0):
    - NetworkingServiceKit/Core (= 1.7.0)
  - NetworkingServiceKit/Core (1.7.0):
    - Alamofire
    - SwiftyJSON
  - NetworkingServiceKit/ReactiveSwift (1.7.0):
    - Alamofire
    - AlamofireImage
    - CryptoSwift
    - ReactiveSwift
    - SwiftyJSON
  - Nimble (8.0.4)
  - Quick (2.2.0)
  - ReactiveSwift (6.2.1)
  - SwiftyJSON (5.0.0)
  - URITemplate (2.1.0)

DEPENDENCIES:
  - "Mockingjay (from `git@github.com:darkzlave/Mockingjay.git`, branch `master`)"
  - NetworkingServiceKit (from `../`)
  - NetworkingServiceKit/ReactiveSwift (from `../`)
  - "Nimble (from `git@github.com:Quick/Nimble.git`, branch `master`)"
  - "Quick (from `git@github.com:Quick/Quick.git`, branch `master`)"
  - "URITemplate (from `git@github.com:darkzlave/URITemplate.swift.git`, branch `master`)"

SPEC REPOS:
  https://github.com/CocoaPods/Specs.git:
    - Alamofire
    - AlamofireImage
    - CryptoSwift
    - ReactiveSwift
    - SwiftyJSON

EXTERNAL SOURCES:
  Mockingjay:
    :branch: master
    :git: "git@github.com:darkzlave/Mockingjay.git"
  NetworkingServiceKit:
    :path: "../"
  Nimble:
    :branch: master
    :git: "git@github.com:Quick/Nimble.git"
  Quick:
    :branch: master
    :git: "git@github.com:Quick/Quick.git"
  URITemplate:
    :branch: master
    :git: "git@github.com:darkzlave/URITemplate.swift.git"

CHECKOUT OPTIONS:
  Mockingjay:
    :commit: cf544670b8d95f3f53716023ca665689a05a2784
    :git: "git@github.com:darkzlave/Mockingjay.git"
  Nimble:
    :commit: eea5843b34beb559dd51cf004953f75028e47add
    :git: "git@github.com:Quick/Nimble.git"
  Quick:
    :commit: 173a8213431cde87f831ed7a47e5e42467b72c3c
    :git: "git@github.com:Quick/Quick.git"
  URITemplate:
    :commit: 113d21e14d462a824f0a67587c75e10bcf8bf372
    :git: "git@github.com:darkzlave/URITemplate.swift.git"

SPEC CHECKSUMS:
  Alamofire: 0fe5fd24b4298dc377a6550da7d5f1b30e286fcb
  AlamofireImage: 3d1a2010519e58675318735580eb856e88840ff7
  CryptoSwift: 1283821600233bdbeb96d7b389c3288c3bf77211
  Mockingjay: 95a5fbe594f963f7536d3975739df39f1366f4d1
  NetworkingServiceKit: 63c61451c659a377be37946cc6864ef341ddae2a
  Nimble: 66110543b37eed1302fa50f2ad411f22d2548373
  Quick: 8bf351656d824b9cc6e292b41494c8f18562a5e9
  ReactiveSwift: 07ddf579f4eb3ee3bd656214f0461aaf2c0fd639
  SwiftyJSON: 36413e04c44ee145039d332b4f4e2d3e8d6c4db7
  URITemplate: bf971b2a5637e9fe19c64781309d1616689e4026

PODFILE CHECKSUM: 8547eba6b18e5dd0be800484ec4960b227c890c9

COCOAPODS: 1.8.4
